# THIS IS AN AUTOGENERATED FILE. DO NOT EDIT THIS FILE DIRECTLY.
# yarn lockfile v1


usewhat@^1.0.23:
  version "1.0.23"
  resolved "https://registry.yarnpkg.com/usewhat/-/usewhat-1.0.23.tgz#361944f237b1711a93f6ba549c452213e48e36ab"
  integrity sha512-2Qna5qRHcKjr6msPYW/Cp9yC4DRkBbgqCKk7la0k/gwA+4HBXjxlVfIkGsbIeWWKwWqXw0N6vsI+TB0cDEFLNg==
